
Microsoft Visual Studio Solution File, Format Version 12.00
Project("{FAE04EC0-301F-11D3-BF4B-00C04F79EFBC}") = "Weather", "Weather\Weather.csproj", "{39FC7743-40DB-48EC-97D6-A2A6047E1CB7}"
EndProject
Global
	GlobalSection(SolutionConfigurationPlatforms) = preSolution
		Debug|Any CPU = Debug|Any CPU
		Release|Any CPU = Release|Any CPU
	EndGlobalSection
	GlobalSection(ProjectConfigurationPlatforms) = postSolution
		{39FC7743-40DB-48EC-97D6-A2A6047E1CB7}.Debug|Any CPU.ActiveCfg = Debug|Any CPU
		{39FC7743-40DB-48EC-97D6-A2A6047E1CB7}.Debug|Any CPU.Build.0 = Debug|Any CPU
		{39FC7743-40DB-48EC-97D6-A2A6047E1CB7}.Release|Any CPU.ActiveCfg = Release|Any CPU
		{39FC7743-40DB-48EC-97D6-A2A6047E1CB7}.Release|Any CPU.Build.0 = Release|Any CPU
	EndGlobalSection
EndGlobal
